
Microsoft Visual Studio Solution File, Format Version 12.00
# Visual Studio Version 17
VisualStudioVersion = 17.8.34330.188
MinimumVisualStudioVersion = 10.0.40219.1
Project("{FAE04EC0-301F-11D3-BF4B-00C04F79EFBC}") = "10 - Classe articoli", "10 - Classe articoli\10 - Classe articoli.csproj", "{A5442497-2E4C-4895-AA85-11A50A9A3D6C}"
EndProject
Global
	GlobalSection(SolutionConfigurationPlatforms) = preSolution
		Debug|Any CPU = Debug|Any CPU
		Release|Any CPU = Release|Any CPU
	EndGlobalSection
	GlobalSection(ProjectConfigurationPlatforms) = postSolution
		{A5442497-2E4C-4895-AA85-11A50A9A3D6C}.Debug|Any CPU.ActiveCfg = Debug|Any CPU
		{A5442497-2E4C-4895-AA85-11A50A9A3D6C}.Debug|Any CPU.Build.0 = Debug|Any CPU
		{A5442497-2E4C-4895-AA85-11A50A9A3D6C}.Release|Any CPU.ActiveCfg = Release|Any CPU
		{A5442497-2E4C-4895-AA85-11A50A9A3D6C}.Release|Any CPU.Build.0 = Release|Any CPU
	EndGlobalSection
	GlobalSection(SolutionProperties) = preSolution
		HideSolutionNode = FALSE
	EndGlobalSection
	GlobalSection(ExtensibilityGlobals) = postSolution
		SolutionGuid = {F4899002-0039-44C8-B959-1E4287AC84FD}
	EndGlobalSection
EndGlobal
